
Microsoft Visual Studio Solution File, Format Version 12.00
# Visual Studio Version 16
VisualStudioVersion = 16.0.31424.327
MinimumVisualStudioVersion = 10.0.40219.1
Project("{2150E333-8FDC-42A3-9474-1A3956D46DE8}") = "src", "src", "{ACDF85D1-064C-454A-8364-8762E460C1BB}"
EndProject
Project("{2150E333-8FDC-42A3-9474-1A3956D46DE8}") = "tst", "tst", "{F7F6C683-497C-4084-9EBC-298A5FB82812}"
EndProject
Project("{2150E333-8FDC-42A3-9474-1A3956D46DE8}") = "BuildingBlocks", "BuildingBlocks", "{F675BFE1-2DB2-4F7C-BEB4-8860815F8532}"
EndProject
Project("{2150E333-8FDC-42A3-9474-1A3956D46DE8}") = "Services", "Services", "{D3D1C981-279C-40B5-8FBD-0B17BAD405BC}"
EndProject
Project("{2150E333-8FDC-42A3-9474-1A3956D46DE8}") = "Core", "Core", "{917C8E60-FECF-468E-BD56-04F1F6502DB6}"
EndProject
Project("{2150E333-8FDC-42A3-9474-1A3956D46DE8}") = "MessageBus", "MessageBus", "{BE5E6FB8-200D-4189-ADF9-3C7FE3E12247}"
EndProject
Project("{9A19103F-16F7-4668-BE54-9A1E7A4F7556}") = "SNR.Core", "src\building blocks\SNR.Core\SNR.Core.csproj", "{CF02973C-8E6E-4726-B4EB-090F44DA56CA}"
EndProject
Project("{9A19103F-16F7-4668-BE54-9A1E7A4F7556}") = "SNR.MessageBus", "src\building blocks\SNR.MessageBus\SNR.MessageBus.csproj", "{4F51AFB5-A567-4A55-899C-0EF5AEA31A07}"
EndProject
Project("{2150E333-8FDC-42A3-9474-1A3956D46DE8}") = "Auth", "Auth", "{C33B13B7-6EE0-414E-B863-B5AEEB6CE0C4}"
EndProject
Project("{9A19103F-16F7-4668-BE54-9A1E7A4F7556}") = "SNR.Auth.API", "src\services\SNR.Auth.API\SNR.Auth.API.csproj", "{244145D6-E9F4-42C1-BDB3-008C31BA5E33}"
EndProject
Project("{9A19103F-16F7-4668-BE54-9A1E7A4F7556}") = "SNR.Auth.Domain", "src\services\SNR.Auth.Domain\SNR.Auth.Domain.csproj", "{6D64C59C-05B6-424E-83B9-2E36E10918D7}"
EndProject
Project("{9A19103F-16F7-4668-BE54-9A1E7A4F7556}") = "SNR.Auth.Infrastructure", "src\services\SNR.Auth.Infrastructure\SNR.Auth.Infrastructure.csproj", "{BF0096C4-C0E9-4D80-84B8-04FA91333D42}"
EndProject
Project("{2150E333-8FDC-42A3-9474-1A3956D46DE8}") = "Notification", "Notification", "{E9ED1288-4694-4B7E-9BAC-D26A15DFB4FF}"
EndProject
Project("{9A19103F-16F7-4668-BE54-9A1E7A4F7556}") = "SNR.Notification.API", "src\services\SNR.Notification.API\SNR.Notification.API.csproj", "{39F1639B-81D0-4A7B-9DFE-2E48175A410F}"
EndProject
Global
	GlobalSection(SolutionConfigurationPlatforms) = preSolution
		Debug|Any CPU = Debug|Any CPU
		Release|Any CPU = Release|Any CPU
	EndGlobalSection
	GlobalSection(ProjectConfigurationPlatforms) = postSolution
		{CF02973C-8E6E-4726-B4EB-090F44DA56CA}.Debug|Any CPU.ActiveCfg = Debug|Any CPU
		{CF02973C-8E6E-4726-B4EB-090F44DA56CA}.Debug|Any CPU.Build.0 = Debug|Any CPU
		{CF02973C-8E6E-4726-B4EB-090F44DA56CA}.Release|Any CPU.ActiveCfg = Release|Any CPU
		{CF02973C-8E6E-4726-B4EB-090F44DA56CA}.Release|Any CPU.Build.0 = Release|Any CPU
		{4F51AFB5-A567-4A55-899C-0EF5AEA31A07}.Debug|Any CPU.ActiveCfg = Debug|Any CPU
		{4F51AFB5-A567-4A55-899C-0EF5AEA31A07}.Debug|Any CPU.Build.0 = Debug|Any CPU
		{4F51AFB5-A567-4A55-899C-0EF5AEA31A07}.Release|Any CPU.ActiveCfg = Release|Any CPU
		{4F51AFB5-A567-4A55-899C-0EF5AEA31A07}.Release|Any CPU.Build.0 = Release|Any CPU
		{244145D6-E9F4-42C1-BDB3-008C31BA5E33}.Debug|Any CPU.ActiveCfg = Debug|Any CPU
		{244145D6-E9F4-42C1-BDB3-008C31BA5E33}.Debug|Any CPU.Build.0 = Debug|Any CPU
		{244145D6-E9F4-42C1-BDB3-008C31BA5E33}.Release|Any CPU.ActiveCfg = Release|Any CPU
		{244145D6-E9F4-42C1-BDB3-008C31BA5E33}.Release|Any CPU.Build.0 = Release|Any CPU
		{6D64C59C-05B6-424E-83B9-2E36E10918D7}.Debug|Any CPU.ActiveCfg = Debug|Any CPU
		{6D64C59C-05B6-424E-83B9-2E36E10918D7}.Debug|Any CPU.Build.0 = Debug|Any CPU
		{6D64C59C-05B6-424E-83B9-2E36E10918D7}.Release|Any CPU.ActiveCfg = Release|Any CPU
		{6D64C59C-05B6-424E-83B9-2E36E10918D7}.Release|Any CPU.Build.0 = Release|Any CPU
		{BF0096C4-C0E9-4D80-84B8-04FA91333D42}.Debug|Any CPU.ActiveCfg = Debug|Any CPU
		{BF0096C4-C0E9-4D80-84B8-04FA91333D42}.Debug|Any CPU.Build.0 = Debug|Any CPU
		{BF0096C4-C0E9-4D80-84B8-04FA91333D42}.Release|Any CPU.ActiveCfg = Release|Any CPU
		{BF0096C4-C0E9-4D80-84B8-04FA91333D42}.Release|Any CPU.Build.0 = Release|Any CPU
		{39F1639B-81D0-4A7B-9DFE-2E48175A410F}.Debug|Any CPU.ActiveCfg = Debug|Any CPU
		{39F1639B-81D0-4A7B-9DFE-2E48175A410F}.Debug|Any CPU.Build.0 = Debug|Any CPU
		{39F1639B-81D0-4A7B-9DFE-2E48175A410F}.Release|Any CPU.ActiveCfg = Release|Any CPU
		{39F1639B-81D0-4A7B-9DFE-2E48175A410F}.Release|Any CPU.Build.0 = Release|Any CPU
	EndGlobalSection
	GlobalSection(SolutionProperties) = preSolution
		HideSolutionNode = FALSE
	EndGlobalSection
	GlobalSection(NestedProjects) = preSolution
		{F675BFE1-2DB2-4F7C-BEB4-8860815F8532} = {ACDF85D1-064C-454A-8364-8762E460C1BB}
		{D3D1C981-279C-40B5-8FBD-0B17BAD405BC} = {ACDF85D1-064C-454A-8364-8762E460C1BB}
		{917C8E60-FECF-468E-BD56-04F1F6502DB6} = {F675BFE1-2DB2-4F7C-BEB4-8860815F8532}
		{BE5E6FB8-200D-4189-ADF9-3C7FE3E12247} = {F675BFE1-2DB2-4F7C-BEB4-8860815F8532}
		{CF02973C-8E6E-4726-B4EB-090F44DA56CA} = {917C8E60-FECF-468E-BD56-04F1F6502DB6}
		{4F51AFB5-A567-4A55-899C-0EF5AEA31A07} = {BE5E6FB8-200D-4189-ADF9-3C7FE3E12247}
		{C33B13B7-6EE0-414E-B863-B5AEEB6CE0C4} = {D3D1C981-279C-40B5-8FBD-0B17BAD405BC}
		{244145D6-E9F4-42C1-BDB3-008C31BA5E33} = {C33B13B7-6EE0-414E-B863-B5AEEB6CE0C4}
		{6D64C59C-05B6-424E-83B9-2E36E10918D7} = {C33B13B7-6EE0-414E-B863-B5AEEB6CE0C4}
		{BF0096C4-C0E9-4D80-84B8-04FA91333D42} = {C33B13B7-6EE0-414E-B863-B5AEEB6CE0C4}
		{E9ED1288-4694-4B7E-9BAC-D26A15DFB4FF} = {D3D1C981-279C-40B5-8FBD-0B17BAD405BC}
		{39F1639B-81D0-4A7B-9DFE-2E48175A410F} = {E9ED1288-4694-4B7E-9BAC-D26A15DFB4FF}
	EndGlobalSection
	GlobalSection(ExtensibilityGlobals) = postSolution
		SolutionGuid = {44F80E7B-6FA5-4A0A-BA66-124329639189}
	EndGlobalSection
EndGlobal
